// !$*UTF8*$!
{
	archiveVersion = 1;
	classes = {
	};
	objectVersion = 46;
	objects = {

/* Begin PBXBuildFile section */
		6194C7481EEF7B7D00A23808 /* main.m in Sources */ = {isa = PBXBuildFile; fileRef = 6194C7471EEF7B7D00A23808 /* main.m */; };
		6194C74B1EEF7B7D00A23808 /* AppDelegate.m in Sources */ = {isa = PBXBuildFile; fileRef = 6194C74A1EEF7B7D00A23808 /* AppDelegate.m */; };
		6194C74D1EEF7B7D00A23808 /* GameScene.sks in Resources */ = {isa = PBXBuildFile; fileRef = 6194C74C1EEF7B7D00A23808 /* GameScene.sks */; };
		6194C74F1EEF7B7D00A23808 /* Actions.sks in Resources */ = {isa = PBXBuildFile; fileRef = 6194C74E1EEF7B7D00A23808 /* Actions.sks */; };
		6194C7521EEF7B7D00A23808 /* GameScene.m in Sources */ = {isa = PBXBuildFile; fileRef = 6194C7511EEF7B7D00A23808 /* GameScene.m */; };
		6194C7551EEF7B7D00A23808 /* GameViewController.m in Sources */ = {isa = PBXBuildFile; fileRef = 6194C7541EEF7B7D00A23808 /* GameViewController.m */; };
		6194C7581EEF7B7D00A23808 /* Main.storyboard in Resources */ = {isa = PBXBuildFile; fileRef = 6194C7561EEF7B7D00A23808 /* Main.storyboard */; };
		6194C75A1EEF7B7D00A23808 /* Assets.xcassets in Resources */ = {isa = PBXBuildFile; fileRef = 6194C7591EEF7B7D00A23808 /* Assets.xcassets */; };
		6194C75D1EEF7B7D00A23808 /* LaunchScreen.storyboard in Resources */ = {isa = PBXBuildFile; fileRef = 6194C75B1EEF7B7D00A23808 /* LaunchScreen.storyboard */; };
/* End PBXBuildFile section */

/* Begin PBXFileReference section */
		6194C7431EEF7B7D00A23808 /* game_PaoTaXiaoChu.app */ = {isa = PBXFileReference; explicitFileType = wrapper.application; includeInIndex = 0; path = game_PaoTaXiaoChu.app; sourceTree = BUILT_PRODUCTS_DIR; };
		6194C7471EEF7B7D00A23808 /* main.m */ = {isa = PBXFileReference; lastKnownFileType = sourcecode.c.objc; path = main.m; sourceTree = "<group>"; };
		6194C7491EEF7B7D00A23808 /* AppDelegate.h */ = {isa = PBXFileReference; lastKnownFileType = sourcecode.c.h; path = AppDelegate.h; sourceTree = "<group>"; };
		6194C74A1EEF7B7D00A23808 /* AppDelegate.m */ = {isa = PBXFileReference; lastKnownFileType = sourcecode.c.objc; path = AppDelegate.m; sourceTree = "<group>"; };
		6194C74C1EEF7B7D00A23808 /* GameScene.sks */ = {isa = PBXFileReference; lastKnownFileType = file.sks; path = GameScene.sks; sourceTree = "<group>"; };
		6194C74E1EEF7B7D00A23808 /* Actions.sks */ = {isa = PBXFileReference; lastKnownFileType = file.sks; path = Actions.sks; sourceTree = "<group>"; };
		6194C7501EEF7B7D00A23808 /* GameScene.h */ = {isa = PBXFileReference; lastKnownFileType = sourcecode.c.h; path = GameScene.h; sourceTree = "<group>"; };
		6194C7511EEF7B7D00A23808 /* GameScene.m */ = {isa = PBXFileReference; lastKnownFileType = sourcecode.c.objc; path = GameScene.m; sourceTree = "<group>"; };
		6194C7531EEF7B7D00A23808 /* GameViewController.h */ = {isa = PBXFileReference; lastKnownFileType = sourcecode.c.h; path = GameViewController.h; sourceTree = "<group>"; };
		6194C7541EEF7B7D00A23808 /* GameViewController.m */ = {isa = PBXFileReference; lastKnownFileType = sourcecode.c.objc; path = GameViewController.m; sourceTree = "<group>"; };
		6194C7571EEF7B7D00A23808 /* Base */ = {isa = PBXFileReference; lastKnownFileType = file.storyboard; name = Base; path = Base.lproj/Main.storyboard; sourceTree = "<group>"; };
		6194C7591EEF7B7D00A23808 /* Assets.xcassets */ = {isa = PBXFileReference; lastKnownFileType = folder.assetcatalog; path = Assets.xcassets; sourceTree = "<group>"; };
		6194C75C1EEF7B7D00A23808 /* Base */ = {isa = PBXFileReference; lastKnownFileType = file.storyboard; name = Base; path = Base.lproj/LaunchScreen.storyboard; sourceTree = "<group>"; };
		6194C75E1EEF7B7D00A23808 /* Info.plist */ = {isa = PBXFileReference; lastKnownFileType = text.plist.xml; path = Info.plist; sourceTree = "<group>"; };
/* End PBXFileReference section */

/* Begin PBXFrameworksBuildPhase section */
		6194C7401EEF7B7D00A23808 /* Frameworks */ = {
			isa = PBXFrameworksBuildPhase;
			buildActionMask = 2147483647;
			files = (
			);
			runOnlyForDeploymentPostprocessing = 0;
		};
/* End PBXFrameworksBuildPhase section */

/* Begin PBXGroup section */
		6194C73A1EEF7B7D00A23808 = {
			isa = PBXGroup;
			children = (
				6194C7451EEF7B7D00A23808 /* game_PaoTaXiaoChu */,
				6194C7441EEF7B7D00A23808 /* Products */,
			);
			sourceTree = "<group>";
		};
		6194C7441EEF7B7D00A23808 /* Products */ = {
			isa = PBXGroup;
			children = (
				6194C7431EEF7B7D00A23808 /* game_PaoTaXiaoChu.app */,
			);
			name = Products;
			sourceTree = "<group>";
		};
		6194C7451EEF7B7D00A23808 /* game_PaoTaXiaoChu */ = {
			isa = PBXGroup;
			children = (
				6194C7491EEF7B7D00A23808 /* AppDelegate.h */,
				6194C74A1EEF7B7D00A23808 /* AppDelegate.m */,
				6194C74C1EEF7B7D00A23808 /* GameScene.sks */,
				6194C74E1EEF7B7D00A23808 /* Actions.sks */,
				6194C7501EEF7B7D00A23808 /* GameScene.h */,
				6194C7511EEF7B7D00A23808 /* GameScene.m */,
				6194C7531EEF7B7D00A23808 /* GameViewController.h */,
				6194C7541EEF7B7D00A23808 /* GameViewController.m */,
				6194C7561EEF7B7D00A23808 /* Main.storyboard */,
				6194C7591EEF7B7D00A23808 /* Assets.xcassets */,
				6194C75B1EEF7B7D00A23808 /* LaunchScreen.storyboard */,
				6194C75E1EEF7B7D00A23808 /* Info.plist */,
				6194C7461EEF7B7D00A23808 /* Supporting Files */,
			);
			path = game_PaoTaXiaoChu;
			sourceTree = "<group>";
		};
		6194C7461EEF7B7D00A23808 /* Supporting Files */ = {
			isa = PBXGroup;
			children = (
				6194C7471EEF7B7D00A23808 /* main.m */,
			);
			name = "Supporting Files";
			sourceTree = "<group>";
		};
/* End PBXGroup section */

/* Begin PBXNativeTarget section */
		6194C7421EEF7B7D00A23808 /* game_PaoTaXiaoChu */ = {
			isa = PBXNativeTarget;
			buildConfigurationList = 6194C7611EEF7B7D00A23808 /* Build configuration list for PBXNativeTarget "game_PaoTaXiaoChu" */;
			buildPhases = (
				6194C73F1EEF7B7D00A23808 /* Sources */,
				6194C7401EEF7B7D00A23808 /* Frameworks */,
				6194C7411EEF7B7D00A23808 /* Resources */,
			);
			buildRules = (
			);
			dependencies = (
			);
			name = game_PaoTaXiaoChu;
			productName = game_PaoTaXiaoChu;
			productReference = 6194C7431EEF7B7D00A23808 /* game_PaoTaXiaoChu.app */;
			productType = "com.apple.product-type.application";
		};
/* End PBXNativeTarget section */

/* Begin PBXProject section */
		6194C73B1EEF7B7D00A23808 /* Project object */ = {
			isa = PBXProject;
			attributes = {
				LastUpgradeCheck = 0820;
				ORGANIZATIONNAME = "Zhao Xiaojian";
				TargetAttributes = {
					6194C7421EEF7B7D00A23808 = {
						CreatedOnToolsVersion = 8.2.1;
						DevelopmentTeam = 9X6S4A8J8Y;
						ProvisioningStyle = Automatic;
					};
				};
			};
			buildConfigurationList = 6194C73E1EEF7B7D00A23808 /* Build configuration list for PBXProject "game_PaoTaXiaoChu" */;
			compatibilityVersion = "Xcode 3.2";
			developmentRegion = English;
			hasScannedForEncodings = 0;
			knownRegions = (
				en,
				Base,
			);
			mainGroup = 6194C73A1EEF7B7D00A23808;
			productRefGroup = 6194C7441EEF7B7D00A23808 /* Products */;
			projectDirPath = "";
			projectRoot = "";
			targets = (
				6194C7421EEF7B7D00A23808 /* game_PaoTaXiaoChu */,
			);
		};
/* End PBXProject section */

/* Begin PBXResourcesBuildPhase section */
		6194C7411EEF7B7D00A23808 /* Resources */ = {
			isa = PBXResourcesBuildPhase;
			buildActionMask = 2147483647;
			files = (
				6194C7581EEF7B7D00A23808 /* Main.storyboard in Resources */,
				6194C74D1EEF7B7D00A23808 /* GameScene.sks in Resources */,
				6194C75A1EEF7B7D00A23808 /* Assets.xcassets in Resources */,
				6194C75D1EEF7B7D00A23808 /* LaunchScreen.storyboard in Resources */,
				6194C74F1EEF7B7D00A23808 /* Actions.sks in Resources */,
			);
			runOnlyForDeploymentPostprocessing = 0;
		};
/* End PBXResourcesBuildPhase section */

/* Begin PBXSourcesBuildPhase section */
		6194C73F1EEF7B7D00A23808 /* Sources */ = {
			isa = PBXSourcesBuildPhase;
			buildActionMask = 2147483647;
			files = (
				6194C7551EEF7B7D00A23808 /* GameViewController.m in Sources */,
				6194C74B1EEF7B7D00A23808 /* AppDelegate.m in Sources */,
				6194C7521EEF7B7D00A23808 /* GameScene.m in Sources */,
				6194C7481EEF7B7D00A23808 /* main.m in Sources */,
			);
			runOnlyForDeploymentPostprocessing = 0;
		};
/* End PBXSourcesBuildPhase section */

/* Begin PBXVariantGroup section */
		6194C7561EEF7B7D00A23808 /* Main.storyboard */ = {
			isa = PBXVariantGroup;
			children = (
				6194C7571EEF7B7D00A23808 /* Base */,
			);
			name = Main.storyboard;
			sourceTree = "<group>";
		};
		6194C75B1EEF7B7D00A23808 /* LaunchScreen.storyboard */ = {
			isa = PBXVariantGroup;
			children = (
				6194C75C1EEF7B7D00A23808 /* Base */,
			);
			name = LaunchScreen.storyboard;
			sourceTree = "<group>";
		};
/* End PBXVariantGroup section */

/* Begin XCBuildConfiguration section */
		6194C75F1EEF7B7D00A23808 /* Debug */ = {
			isa = XCBuildConfiguration;
			buildSettings = {
				ALWAYS_SEARCH_USER_PATHS = NO;
				CLANG_ANALYZER_NONNULL = YES;
				CLANG_CXX_LANGUAGE_STANDARD = "gnu++0x";
				CLANG_CXX_LIBRARY = "libc++";
				CLANG_ENABLE_MODULES = YES;
				CLANG_ENABLE_OBJC_ARC = YES;
				CLANG_WARN_BOOL_CONVERSION = YES;
				CLANG_WARN_CONSTANT_CONVERSION = YES;
				CLANG_WARN_DIRECT_OBJC_ISA_USAGE = YES_ERROR;
				CLANG_WARN_DOCUMENTATION_COMMENTS = YES;
				CLANG_WARN_EMPTY_BODY = YES;
				CLANG_WARN_ENUM_CONVERSION = YES;
				CLANG_WARN_INFINITE_RECURSION = YES;
				CLANG_WARN_INT_CONVERSION = YES;
				CLANG_WARN_OBJC_ROOT_CLASS = YES_ERROR;
				CLANG_WARN_SUSPICIOUS_MOVE = YES;
				CLANG_WARN_UNREACHABLE_CODE = YES;
				CLANG_WARN__DUPLICATE_METHOD_MATCH = YES;
				"CODE_SIGN_IDENTITY[sdk=iphoneos*]" = "iPhone Developer";
				COPY_PHASE_STRIP = NO;
				DEBUG_INFORMATION_FORMAT = dwarf;
				ENABLE_STRICT_OBJC_MSGSEND = YES;
				ENABLE_TESTABILITY = YES;
				GCC_C_LANGUAGE_STANDARD = gnu99;
				GCC_DYNAMIC_NO_PIC = NO;
				GCC_NO_COMMON_BLOCKS = YES;
				GCC_OPTIMIZATION_LEVEL = 0;
				GCC_PREPROCESSOR_DEFINITIONS = (
					"DEBUG=1",
					"$(inherited)",
				);
				GCC_WARN_64_TO_32_BIT_CONVERSION = YES;
				GCC_WARN_ABOUT_RETURN_TYPE = YES_ERROR;
				GCC_WARN_UNDECLARED_SELECTOR = YES;
				GCC_WARN_UNINITIALIZED_AUTOS = YES_AGGRESSIVE;
				GCC_WARN_UNUSED_FUNCTION = YES;
				GCC_WARN_UNUSED_VARIABLE = YES;
				IPHONEOS_DEPLOYMENT_TARGET = 10.2;
				MTL_ENABLE_DEBUG_INFO = YES;
				ONLY_ACTIVE_ARCH = YES;
				SDKROOT = iphoneos;
				TARGETED_DEVICE_FAMILY = "1,2";
			};
			name = Debug;
		};
		6194C7601EEF7B7D00A23808 /* Release */ = {
			isa = XCBuildConfiguration;
			buildSettings = {
				ALWAYS_SEARCH_USER_PATHS = NO;
				CLANG_ANALYZER_NONNULL = YES;
				CLANG_CXX_LANGUAGE_STANDARD = "gnu++0x";
				CLANG_CXX_LIBRARY = "libc++";
				CLANG_ENABLE_MODULES = YES;
				CLANG_ENABLE_OBJC_ARC = YES;
				CLANG_WARN_BOOL_CONVERSION = YES;
				CLANG_WARN_CONSTANT_CONVERSION = YES;
				CLANG_WARN_DIRECT_OBJC_ISA_USAGE = YES_ERROR;
				CLANG_WARN_DOCUMENTATION_COMMENTS = YES;
				CLANG_WARN_EMPTY_BODY = YES;
				CLANG_WARN_ENUM_CONVERSION = YES;
				CLANG_WARN_INFINITE_RECURSION = YES;
				CLANG_WARN_INT_CONVERSION = YES;
				CLANG_WARN_OBJC_ROOT_CLASS = YES_ERROR;
				CLANG_WARN_SUSPICIOUS_MOVE = YES;
				CLANG_WARN_UNREACHABLE_CODE = YES;
				CLANG_WARN__DUPLICATE_METHOD_MATCH = YES;
				"CODE_SIGN_IDENTITY[sdk=iphoneos*]" = "iPhone Developer";
				COPY_PHASE_STRIP = NO;
				DEBUG_INFORMATION_FORMAT = "dwarf-with-dsym";
				ENABLE_NS_ASSERTIONS = NO;
				ENABLE_STRICT_OBJC_MSGSEND = YES;
				GCC_C_LANGUAGE_STANDARD = gnu99;
				GCC_NO_COMMON_BLOCKS = YES;
				GCC_WARN_64_TO_32_BIT_CONVERSION = YES;
				GCC_WARN_ABOUT_RETURN_TYPE = YES_ERROR;
				GCC_WARN_UNDECLARED_SELECTOR = YES;
				GCC_WARN_UNINITIALIZED_AUTOS = YES_AGGRESSIVE;
				GCC_WARN_UNUSED_FUNCTION = YES;
				GCC_WARN_UNUSED_VARIABLE = YES;
				IPHONEOS_DEPLOYMENT_TARGET = 10.2;
				MTL_ENABLE_DEBUG_INFO = NO;
				SDKROOT = iphoneos;
				TARGETED_DEVICE_FAMILY = "1,2";
				VALIDATE_PRODUCT = YES;
			};
			name = Release;
		};
		6194C7621EEF7B7D00A23808 /* Debug */ = {
			isa = XCBuildConfiguration;
			buildSettings = {
				ASSETCATALOG_COMPILER_APPICON_NAME = AppIcon;
				DEVELOPMENT_TEAM = 9X6S4A8J8Y;
				INFOPLIST_FILE = game_PaoTaXiaoChu/Info.plist;
				LD_RUNPATH_SEARCH_PATHS = "$(inherited) @executable_path/Frameworks";
				PRODUCT_BUNDLE_IDENTIFIER = "com.xillysoft.game-PaoTaXiaoChu";
				PRODUCT_NAME = "$(TARGET_NAME)";
			};
			name = Debug;
		};
		6194C7631EEF7B7D00A23808 /* Release */ = {
			isa = XCBuildConfiguration;
			buildSettings = {
				ASSETCATALOG_COMPILER_APPICON_NAME = AppIcon;
				DEVELOPMENT_TEAM = 9X6S4A8J8Y;
				INFOPLIST_FILE = game_PaoTaXiaoChu/Info.plist;
				LD_RUNPATH_SEARCH_PATHS = "$(inherited) @executable_path/Frameworks";
				PRODUCT_BUNDLE_IDENTIFIER = "com.xillysoft.game-PaoTaXiaoChu";
				PRODUCT_NAME = "$(TARGET_NAME)";
			};
			name = Release;
		};
/* End XCBuildConfiguration section */

/* Begin XCConfigurationList section */
		6194C73E1EEF7B7D00A23808 /* Build configuration list for PBXProject "game_PaoTaXiaoChu" */ = {
			isa = XCConfigurationList;
			buildConfigurations = (
				6194C75F1EEF7B7D00A23808 /* Debug */,
				6194C7601EEF7B7D00A23808 /* Release */,
			);
			defaultConfigurationIsVisible = 0;
			defaultConfigurationName = Release;
		};
		6194C7611EEF7B7D00A23808 /* Build configuration list for PBXNativeTarget "game_PaoTaXiaoChu" */ = {
			isa = XCConfigurationList;
			buildConfigurations = (
				6194C7621EEF7B7D00A23808 /* Debug */,
				6194C7631EEF7B7D00A23808 /* Release */,
			);
			defaultConfigurationIsVisible = 0;
		};
/* End XCConfigurationList section */
	};
	rootObject = 6194C73B1EEF7B7D00A23808 /* Project object */;
}
